
Microsoft Visual Studio Solution File, Format Version 12.00
# Visual Studio Version 17
VisualStudioVersion = 17.5.33627.172
MinimumVisualStudioVersion = 10.0.40219.1
Project("{FAE04EC0-301F-11D3-BF4B-00C04F79EFBC}") = "ImageCaptcha", "ImageCaptcha.csproj", "{F590B6CF-497B-4A5E-8B7D-39383F20145C}"
EndProject
Global
	GlobalSection(SolutionConfigurationPlatforms) = preSolution
		Debug|Any CPU = Debug|Any CPU
		Release|Any CPU = Release|Any CPU
	EndGlobalSection
	GlobalSection(ProjectConfigurationPlatforms) = postSolution
		{F590B6CF-497B-4A5E-8B7D-39383F20145C}.Debug|Any CPU.ActiveCfg = Debug|Any CPU
		{F590B6CF-497B-4A5E-8B7D-39383F20145C}.Debug|Any CPU.Build.0 = Debug|Any CPU
		{F590B6CF-497B-4A5E-8B7D-39383F20145C}.Release|Any CPU.ActiveCfg = Release|Any CPU
		{F590B6CF-497B-4A5E-8B7D-39383F20145C}.Release|Any CPU.Build.0 = Release|Any CPU
	EndGlobalSection
	GlobalSection(SolutionProperties) = preSolution
		HideSolutionNode = FALSE
	EndGlobalSection
	GlobalSection(ExtensibilityGlobals) = postSolution
		SolutionGuid = {6CF9BDAF-AB91-4D9E-AC6C-741406D9D9AE}
	EndGlobalSection
EndGlobal
